
Microsoft Visual Studio Solution File, Format Version 12.00
Project("{FAE04EC0-301F-11D3-BF4B-00C04F79EFBC}") = "AvansAfvalAPI", "AvansAfvalAPI\AvansAfvalAPI.csproj", "{45F3AB52-0962-4509-85C6-D5AACA7CFF96}"
EndProject
Project("{FAE04EC0-301F-11D3-BF4B-00C04F79EFBC}") = "WebApp", "WebApp\WebApp.csproj", "{B9C5ED20-7C2B-47F8-896A-B32FBEBBB902}"
EndProject
Global
	GlobalSection(SolutionConfigurationPlatforms) = preSolution
		Debug|Any CPU = Debug|Any CPU
		Release|Any CPU = Release|Any CPU
	EndGlobalSection
	GlobalSection(ProjectConfigurationPlatforms) = postSolution
		{45F3AB52-0962-4509-85C6-D5AACA7CFF96}.Debug|Any CPU.ActiveCfg = Debug|Any CPU
		{45F3AB52-0962-4509-85C6-D5AACA7CFF96}.Debug|Any CPU.Build.0 = Debug|Any CPU
		{45F3AB52-0962-4509-85C6-D5AACA7CFF96}.Release|Any CPU.ActiveCfg = Release|Any CPU
		{45F3AB52-0962-4509-85C6-D5AACA7CFF96}.Release|Any CPU.Build.0 = Release|Any CPU
		{B9C5ED20-7C2B-47F8-896A-B32FBEBBB902}.Debug|Any CPU.ActiveCfg = Debug|Any CPU
		{B9C5ED20-7C2B-47F8-896A-B32FBEBBB902}.Debug|Any CPU.Build.0 = Debug|Any CPU
		{B9C5ED20-7C2B-47F8-896A-B32FBEBBB902}.Release|Any CPU.ActiveCfg = Release|Any CPU
		{B9C5ED20-7C2B-47F8-896A-B32FBEBBB902}.Release|Any CPU.Build.0 = Release|Any CPU
	EndGlobalSection
EndGlobal
